# This file is autogenerated, do not edit; changes may be undone by the next 'dep ensure'.


[[projects]]
  digest = "1:f50386a8689ff145dd4c568cd177dfe672dc80229b27031c6d39afd1dd629926"
  name = "cloud.google.com/go"
  packages = [
    "compute/metadata",
    "firestore",
    "firestore/apiv1",
    "iam",
    "internal",
    "internal/btree",
    "internal/fields",
    "internal/optional",
    "internal/trace",
    "internal/version",
    "storage",
  ]
  pruneopts = "NUT"
  revision = "cdaaf98f9226c39dc162b8e55083b2fbc67b4674"
  version = "v0.43.0"

[[projects]]
  digest = "1:9db2f454fd1dbfb4dc1215d0a92fc0b73ebec7f0f25d6b85207e3d4d54f0ed0e"
  name = "firebase.google.com/go"
  packages = [
    ".",
    "auth",
    "db",
    "iid",
    "internal",
    "messaging",
    "storage",
  ]
  pruneopts = "NUT"
  revision = "be821cdc340e4dcaf1abf04910f727c8b8bda086"
  version = "v3.8.1"

[[projects]]
  digest = "1:5d72bbcc9c8667b11c3dc3cbe681c5a6f71e5096744c0bf7726ab5c6425d5dc4"
  name = "github.com/BurntSushi/toml"
  packages = ["."]
  pruneopts = "NUT"
  revision = "3012a1dbe2e4bd1391d42b32f0577cb7bbc7f005"
  version = "v0.3.1"

[[projects]]
  digest = "1:0a111edd8693fd977f42a0c4f199a0efb13c20aec9da99ad8830c7bb6a87e8d6"
  name = "github.com/PuerkitoBio/purell"
  packages = ["."]
  pruneopts = "NUT"
  revision = "44968752391892e1b0d0b821ee79e9a85fa13049"
  version = "v1.1.1"

[[projects]]
  branch = "master"
  digest = "1:8098cd40cd09879efbf12e33bcd51ead4a66006ac802cd563a66c4f3373b9727"
  name = "github.com/PuerkitoBio/urlesc"
  packages = ["."]
  pruneopts = "NUT"
  revision = "de5bf2ad457846296e2031421a34e2568e304e35"

[[projects]]
  digest = "1:5a23cd3a5496a0b2da7e3b348d14e77b11a210738c398200d7d6f04ea8cf3bd8"
  name = "github.com/asaskevich/govalidator"
  packages = ["."]
  pruneopts = "NUT"
  revision = "ccb8e960c48f04d6935e72476ae4a51028f9e22f"
  version = "v9"

[[projects]]
  digest = "1:e21938de017256bb29b7590656d43a45cee24b5ce45f75bcd342221b06e471b7"
  name = "github.com/aws/aws-sdk-go"
  packages = [
    "aws",
    "aws/awserr",
    "aws/awsutil",
    "aws/client",
    "aws/client/metadata",
    "aws/corehandlers",
    "aws/credentials",
    "aws/credentials/ec2rolecreds",
    "aws/credentials/endpointcreds",
    "aws/credentials/processcreds",
    "aws/credentials/stscreds",
    "aws/crr",
    "aws/csm",
    "aws/defaults",
    "aws/ec2metadata",
    "aws/endpoints",
    "aws/request",
    "aws/session",
    "aws/signer/v4",
    "internal/ini",
    "internal/sdkio",
    "internal/sdkrand",
    "internal/sdkuri",
    "internal/shareddefaults",
    "private/protocol",
    "private/protocol/json/jsonutil",
    "private/protocol/jsonrpc",
    "private/protocol/query",
    "private/protocol/query/queryutil",
    "private/protocol/rest",
    "private/protocol/xml/xmlutil",
    "service/dynamodb",
    "service/dynamodb/dynamodbattribute",
    "service/iam",
    "service/secretsmanager",
    "service/sts",
    "service/sts/stsiface",
  ]
  pruneopts = "NUT"
  revision = "933fa4e60b06c8c1d3f91790ce134512f327b6af"
  version = "v1.21.10"

[[projects]]
  digest = "1:ffe9824d294da03b391f44e1ae8281281b4afc1bdaa9588c9097785e3af10cec"
  name = "github.com/davecgh/go-spew"
  packages = ["spew"]
  pruneopts = "NUT"
  revision = "8991bc29aa16c548c550c7ff78260e27b9ab7c73"
  version = "v1.1.1"

[[projects]]
  branch = "master"
  digest = "1:2e08f767623936c719c07f52e1c89bb5d8597aac6b5fe669e6e851b92cebbe69"
  name = "github.com/dgrijalva/jwt-go"
  packages = [
    ".",
    "request",
  ]
  pruneopts = "NUT"
  revision = "5e25c22bd5d6de03265bbe5462dcd162f85046f6"

[[projects]]
  digest = "1:ea1d5bfdb4ec5c2ee48c97865e6de1a28fa8c4849a3f56b27d521aa619038e06"
  name = "github.com/go-errors/errors"
  packages = ["."]
  pruneopts = "NUT"
  revision = "a6af135bd4e28680facf08a3d206b454abc877a4"
  version = "v1.0.1"

[[projects]]
  digest = "1:c62a988fdfe65ea678c4fabeb1df4796c315f2bb8f426ead4ee196a5a61f754d"
  name = "github.com/go-openapi/analysis"
  packages = [
    ".",
    "internal",
  ]
  pruneopts = "NUT"
  revision = "48f4521ad6c3df9d6192efb04287c4a411e1f806"
  version = "v0.19.4"

[[projects]]
  digest = "1:561157070be37514e296bbf1144e5e3130573483e253443bf378917475f55836"
  name = "github.com/go-openapi/errors"
  packages = ["."]
  pruneopts = "NUT"
  revision = "0b2a0a1f89aa2eec2d13e03cd80ab0fdaf01f8ce"
  version = "v0.19.2"

[[projects]]
  digest = "1:260f7ebefc63024c8dfe2c9f1a2935a89fa4213637a1f522f592f80c001cc441"
  name = "github.com/go-openapi/jsonpointer"
  packages = ["."]
  pruneopts = "NUT"
  revision = "a105a905c5e6ad147f08504784917f3e178e0ba5"
  version = "v0.19.2"

[[projects]]
  digest = "1:98abd61947ff5c7c6fcfec5473d02a4821ed3a2dd99a4fbfdb7925b0dd745546"
  name = "github.com/go-openapi/jsonreference"
  packages = ["."]
  pruneopts = "NUT"
  revision = "2903bfd4bfbaf188694f1edf731f2725a8fa344f"
  version = "v0.19.2"

[[projects]]
  digest = "1:c3cb0571346173abe3b329baf50e5ca05d2d1640cfe2817c65ed377e44c34afc"
  name = "github.com/go-openapi/loads"
  packages = ["."]
  pruneopts = "NUT"
  revision = "8548893a17237be4a5b2f74773f23002f4179bbe"
  version = "v0.19.2"

[[projects]]
  digest = "1:8e5a443fb666f0ef7aa0ef98cde6b5c65d389d9b6f1e8ee4db4b82502b074948"
  name = "github.com/go-openapi/runtime"
  packages = ["."]
  pruneopts = "NUT"
  revision = "58872d9a7ca5f28beff9effa19ac4c17d3e42cd3"
  version = "v0.19.3"

[[projects]]
  digest = "1:f04cb7797917efbe9d9efd509a311f28930a9ee7ef1e047d01808d64ded53554"
  name = "github.com/go-openapi/spec"
  packages = ["."]
  pruneopts = "NUT"
  revision = "bdfd7e07daecc404d77868a88b2364d0aed0ee5a"
  version = "v0.19.2"

[[projects]]
  digest = "1:9821ddf22d37f1beaccebc303a2528fba564e1e164aa31932951a48d33beea99"
  name = "github.com/go-openapi/strfmt"
  packages = ["."]
  pruneopts = "NUT"
  revision = "432db8fbcb18bf11f72ca9538e07943e45be4d9f"
  version = "v0.19.2"

[[projects]]
  digest = "1:b2ea9a25f2ca9ebea4e58ec61832a80caee98d85038563e43f774b37ef990ebb"
  name = "github.com/go-openapi/swag"
  packages = ["."]
  pruneopts = "NUT"
  revision = "de649ffb9e02183a414820c5b1b4582f7b009792"
  version = "v0.19.4"

[[projects]]
  digest = "1:9a32276054d546a6000ef4fe0465ee177012674e387cdf47c2ec8b7d6c4713cf"
  name = "github.com/go-openapi/validate"
  packages = ["."]
  pruneopts = "NUT"
  revision = "6405b9095e4c96aabb45856da08a9323d50d9336"
  version = "v0.19.2"

[[projects]]
  digest = "1:0942599d1f614d9ca4dfe052db1f60d4547b1b581206006be352f629a8b37d8d"
  name = "github.com/go-resty/resty"
  packages = ["."]
  pruneopts = "NUT"
  revision = "fa5875c0caa5c260ab78acec5a244215a730247f"
  version = "v1.12.0"

[[projects]]
  digest = "1:91358b3a314c1ddfd4d6445ca9c1fb846842c31c153e626730594b3c95f73f4a"
  name = "github.com/go-stack/stack"
  packages = ["."]
  pruneopts = "NUT"
  revision = "2fee6af1a9795aafbe0253a0cfbdf668e1fb8a9a"
  version = "v1.8.0"

[[projects]]
  digest = "1:f5a98770ab68c1146ee5cc14ed24aafa2bb1a2b3c89cbeadc9eb913b1f9d930a"
  name = "github.com/golang/protobuf"
  packages = [
    "proto",
    "protoc-gen-go/descriptor",
    "ptypes",
    "ptypes/any",
    "ptypes/duration",
    "ptypes/empty",
    "ptypes/struct",
    "ptypes/timestamp",
    "ptypes/wrappers",
  ]
  pruneopts = "NUT"
  revision = "6c65a5562fc06764971b7c5d05c76c75e84bdbf7"
  version = "v1.3.2"

[[projects]]
  digest = "1:4b76f3e067eed897a45242383a2aa4d0a2fdbf73a8d00c03167dba80c43630b1"
  name = "github.com/googleapis/gax-go"
  packages = ["v2"]
  pruneopts = "NUT"
  revision = "bd5b16380fd03dc758d11cef74ba2e3bc8b0e8c2"
  version = "v2.0.5"

[[projects]]
  branch = "master"
  digest = "1:c01767916c59f084bb7c41a7d5877c0f3099b1595cfa066e84ec6ad6b084dd89"
  name = "github.com/gorilla/context"
  packages = ["."]
  pruneopts = "NUT"
  revision = "8559d4a6b87e4f517ec1846eb90a192b8748cc89"

[[projects]]
  digest = "1:85d0c5fbdc502c3e55f78d7d2f62f9d1a95deb5921e5806b14a6b6948abe678d"
  name = "github.com/gorilla/handlers"
  packages = ["."]
  pruneopts = "NUT"
  revision = "8a3748addc242fc560bd6d4ff28b0374c010b1b4"
  version = "v1.4.2"

[[projects]]
  digest = "1:3c8c26bb118e3f02230d4f5f30b972dbfe0c6b371acea8f190aa99ceaaae7028"
  name = "github.com/gorilla/mux"
  packages = ["."]
  pruneopts = "NUT"
  revision = "00bdffe0f3c77e27d2cf6f5c70232a2d3e4d9c15"
  version = "v1.7.3"

[[projects]]
  digest = "1:7fae9ec96d10b2afce0da23c378c8b3389319b7f92fa092f2621bba3078cfb4b"
  name = "github.com/hashicorp/golang-lru"
  packages = ["simplelru"]
  pruneopts = "NUT"
  revision = "7f827b33c0f158ec5dfbba01bb0b14a4541fd81d"
  version = "v0.5.3"

[[projects]]
  digest = "1:1f2aebae7e7c856562355ec0198d8ca2fa222fb05e5b1b66632a1fce39631885"
  name = "github.com/jmespath/go-jmespath"
  packages = ["."]
  pruneopts = "NUT"
  revision = "c2b33e84"

[[projects]]
  digest = "1:74fca97eba09e8d0f4ced8e1d80e0377c49b856e4d01fc9580d3605648ddaff9"
  name = "github.com/lib/pq"
  packages = [
    ".",
    "oid",
    "scram",
  ]
  pruneopts = "NUT"
  revision = "3427c32cb71afc948325f299f040e53c1dd78979"
  version = "v1.2.0"

[[projects]]
  branch = "master"
  digest = "1:927762c6729b4e72957ba3310e485ed09cf8451c5a637a52fd016a9fe09e7936"
  name = "github.com/mailru/easyjson"
  packages = [
    "buffer",
    "jlexer",
    "jwriter",
  ]
  pruneopts = "NUT"
  revision = "b2ccc519800e761ac8000b95e5d57c80a897ff9e"

[[projects]]
  branch = "master"
  digest = "1:d4ab3da5cbbe235418ac080244c07b7cec8a3a6f58cbaa5af442fe612935f752"
  name = "github.com/manucorporat/sse"
  packages = ["."]
  pruneopts = "NUT"
  revision = "ee05b128a739a0fb76c7ebd3ae4810c1de808d6d"

[[projects]]
  digest = "1:a45ae66dea4c899d79fceb116accfa1892105c251f0dcd9a217ddc276b42ec68"
  name = "github.com/mitchellh/mapstructure"
  packages = ["."]
  pruneopts = "NUT"
  revision = "3536a929edddb9a5b34bd6861dc4a9647cb459fe"
  version = "v1.1.2"

[[projects]]
  branch = "master"
  digest = "1:7302bcf5914fc7c62b2eb65291547ba8522cd03fc3fda1d468c3438c80302db3"
  name = "github.com/op/go-logging"
  packages = ["."]
  pruneopts = "NUT"
  revision = "970db520ece77730c7e4724c61121037378659d9"

[[projects]]
  digest = "1:4e9827f31d4fc1ddd732a0e3af4e863d281dd405adb2bfb96a25cc5346a77caf"
  name = "github.com/pelletier/go-toml"
  packages = ["."]
  pruneopts = "NUT"
  revision = "728039f679cbcd4f6a54e080d2219a4c4928c546"
  version = "v1.4.0"

[[projects]]
  digest = "1:14715f705ff5dfe0ffd6571d7d201dd8e921030f8070321a79380d8ca4ec1a24"
  name = "github.com/pkg/errors"
  packages = ["."]
  pruneopts = "NUT"
  revision = "ba968bfe8b2f7e042a574c888954fccecfa385b4"
  version = "v0.8.1"

[[projects]]
  digest = "1:0028cb19b2e4c3112225cd871870f2d9cf49b9b4276531f03438a88e94be86fe"
  name = "github.com/pmezard/go-difflib"
  packages = ["difflib"]
  pruneopts = "NUT"
  revision = "792786c7400a136282c1664665ae0a8db921c6c2"
  version = "v1.0.0"

[[projects]]
  digest = "1:8febcd4d3fd1f5b73b363ec374d144bd2c286d66aa6a38bcae330d1078b81774"
  name = "github.com/segmentio/go-loggly"
  packages = ["."]
  pruneopts = "NUT"
  revision = "3e0cec4266ddf583aecef51bb8e9badc3cca5314"
  version = "v0.5.0"

[[projects]]
  digest = "1:11afe1ad32273aeda2ff5e80317638da5006aff881263b995038900a89494eff"
  name = "github.com/shopspring/decimal"
  packages = ["."]
  pruneopts = "NUT"
  revision = "cd690d0c9e2447b1ef2a129a6b7b49077da89b8e"
  version = "1.1.0"

[[projects]]
  digest = "1:0e38af16b5b95d29c1ce12cb27a761503d0c64e413140dafb1af0a53e562fd9c"
  name = "github.com/sirupsen/logrus"
  packages = [
    ".",
    "hooks/test",
  ]
  pruneopts = "NUT"
  revision = "070c81def33f6362a8267b6a4e56fb7bf23fc6b5"

[[projects]]
  branch = "master"
  digest = "1:6cc91e859fcff747c71bba103c76e996fde6d56d19c5ff0148a3b6b6d41943f6"
  name = "github.com/stellar/go"
  packages = [
    "amount",
    "build",
    "clients/horizon",
    "crc16",
    "hash",
    "keypair",
    "network",
    "price",
    "protocols/horizon",
    "protocols/horizon/base",
    "strkey",
    "support/app",
    "support/errors",
    "support/log",
    "support/render/hal",
    "support/render/httpjson",
    "support/render/problem",
    "support/url",
    "xdr",
  ]
  pruneopts = "NUT"
  revision = "e7f8ae273d436f7dee1c233ab48b2fe5d10a1f93"

[[projects]]
  branch = "master"
  digest = "1:6c08cb31e67fed09170edb8c194705b3ffe9e76b90b51c25b6673244ca8bbe89"
  name = "github.com/stellar/go-xdr"
  packages = ["xdr3"]
  pruneopts = "NUT"
  revision = "0bc96f33a18ef2f963e75431dbed042129eb421b"

[[projects]]
  digest = "1:60a46e2410edbf02b419f833372dd1d24d7aa1b916a990a7370e792fada1eadd"
  name = "github.com/stretchr/objx"
  packages = ["."]
  pruneopts = "NUT"
  revision = "477a77ecc69700c7cdeb1fa9e129548e1c1c393c"
  version = "v0.1.1"

[[projects]]
  digest = "1:4fec2fe9ce617252d634de83ca8dd5f9c7c391637540896542c80ab63f071f51"
  name = "github.com/stretchr/testify"
  packages = [
    "assert",
    "mock",
  ]
  pruneopts = "NUT"
  revision = "ffdc059bfe9ce6a4e144ba849dbedead332c6053"
  version = "v1.3.0"

[[projects]]
  digest = "1:82d3ecba951974e9842e4f83defa94f7b6feb9b9ec5e07da474bac0954ffbe2e"
  name = "github.com/urfave/negroni"
  packages = ["."]
  pruneopts = "NUT"
  revision = "c6a59be0ce122566695fbd5e48a77f8f10c8a63a"
  version = "v1.0.0"

[[projects]]
  branch = "development"
  digest = "1:16eed8a8475777bf3445be7c8c4899c7b973d7f5e9b0f2359949386dfce5469d"
  name = "github.com/GFTN/gftn-services"
  packages = [
    "auth-service/authorization/authutility",
    "auth-service/authorization/middleware",
    "auth-service/authorization/middleware/authconstants",
    "auth-service/authorization/middleware/token",
    "gftn-models/model",
    "participant-registry-client/pr-client",
    "utility/aws/golang/secret-manager",
    "utility/aws/golang/utility",
    "utility/common",
    "utility/global-environment",
    "utility/message",
    "utility/nodeconfig",
    "utility/participant",
    "utility/response",
    "utility/vault/api",
    "utility/vault/utils",
    "utility/wwfirebase",
  ]
  pruneopts = "NUT"
  revision = "df35692bcee4c6234edf771c2cb4deeacaed7b54"
  source = "git@github.ibm.com:gftn/gftn-services.git"

[[projects]]
  digest = "1:549a140c6c3742fe0df432e860fbf636f71d7589ba1e75acdc33a36346010ddc"
  name = "go.mongodb.org/mongo-driver"
  packages = [
    "bson",
    "bson/bsoncodec",
    "bson/bsonrw",
    "bson/bsontype",
    "bson/primitive",
    "x/bsonx/bsoncore",
  ]
  pruneopts = "NUT"
  revision = "0d1270edf53072da4da781b76d2e1db58831152f"
  version = "v1.0.4"

[[projects]]
  digest = "1:59a0bfab08de2de3bfe8d36dbeff8cd15c71ed83c08fe11f7545a436aa2a31cc"
  name = "go.opencensus.io"
  packages = [
    ".",
    "internal",
    "internal/tagencoding",
    "metric/metricdata",
    "metric/metricproducer",
    "plugin/ocgrpc",
    "plugin/ochttp",
    "plugin/ochttp/propagation/b3",
    "resource",
    "stats",
    "stats/internal",
    "stats/view",
    "tag",
    "trace",
    "trace/internal",
    "trace/propagation",
    "trace/tracestate",
  ]
  pruneopts = "NUT"
  revision = "9c377598961b706d1542bd2d84d538b5094d596e"
  version = "v0.22.0"

[[projects]]
  digest = "1:b998364b33ce263d8ca02293f140d4bcce95e400988c08fc85adb975b0748f03"
  name = "golang.org/x/crypto"
  packages = [
    "ed25519",
    "ed25519/internal/edwards25519",
    "ssh/terminal",
  ]
  pruneopts = "NUT"
  revision = "7f87c0fbb88b590338857bcb720678c2583d4dea"

[[projects]]
  branch = "master"
  digest = "1:24b830a853c3248bb89489a7a256a88414fed6784e5911d3c5dbc053f5691b80"
  name = "golang.org/x/net"
  packages = [
    "context",
    "context/ctxhttp",
    "http/httpguts",
    "http2",
    "http2/hpack",
    "idna",
    "internal/timeseries",
    "publicsuffix",
    "trace",
  ]
  pruneopts = "NUT"
  revision = "ca1201d0de80cfde86cb01aea620983605dfe99b"

[[projects]]
  branch = "master"
  digest = "1:1519760444b90c560eb01373869bc66fd539e6fe1bf77af22047c43edc40ab35"
  name = "golang.org/x/oauth2"
  packages = [
    ".",
    "google",
    "internal",
    "jws",
    "jwt",
  ]
  pruneopts = "NUT"
  revision = "0f29369cfe4552d0e4bcddc57cc75f4d7e672a33"

[[projects]]
  branch = "master"
  digest = "1:1797af05bdcb4e1bf36b2971de3a9379a9d89211b7f116efdfda6127376d7f64"
  name = "golang.org/x/sys"
  packages = [
    "unix",
    "windows",
  ]
  pruneopts = "NUT"
  revision = "51ab0e2deafac1f46c46ad59cf0921be2f180c3d"

[[projects]]
  digest = "1:66a2f252a58b4fbbad0e4e180e1d85a83c222b6bce09c3dcdef3dc87c72eda7c"
  name = "golang.org/x/text"
  packages = [
    "collate",
    "collate/build",
    "internal/colltab",
    "internal/gen",
    "internal/language",
    "internal/language/compact",
    "internal/tag",
    "internal/triegen",
    "internal/ucd",
    "language",
    "secure/bidirule",
    "transform",
    "unicode/bidi",
    "unicode/cldr",
    "unicode/norm",
    "unicode/rangetable",
    "width",
  ]
  pruneopts = "NUT"
  revision = "342b2e1fbaa52c93f31447ad2c6abc048c63e475"
  version = "v0.3.2"

[[projects]]
  digest = "1:12cdd92bc5c6812d4802abc9239f264ec6e11c37bed196f9963466e9a59a36ae"
  name = "google.golang.org/api"
  packages = [
    "gensupport",
    "googleapi",
    "googleapi/internal/uritemplates",
    "googleapi/transport",
    "internal",
    "iterator",
    "option",
    "storage/v1",
    "transport",
    "transport/grpc",
    "transport/http",
    "transport/http/internal/propagation",
  ]
  pruneopts = "NUT"
  revision = "02490b97dff7cfde1995bd77de808fd27053bc87"
  version = "v0.7.0"

[[projects]]
  digest = "1:a955e7c44c2be14b61aa2ddda744edfdfbc6817e993703a16e303c277ba84449"
  name = "google.golang.org/appengine"
  packages = [
    ".",
    "internal",
    "internal/app_identity",
    "internal/base",
    "internal/datastore",
    "internal/log",
    "internal/modules",
    "internal/remote_api",
    "internal/socket",
    "internal/urlfetch",
    "socket",
    "urlfetch",
  ]
  pruneopts = "NUT"
  revision = "b2f4a3cf3c67576a2ee09e1fe62656a5086ce880"
  version = "v1.6.1"

[[projects]]
  branch = "master"
  digest = "1:2825bcd3d7ec371ec88a8cbd4ed4222b2074b744a9af6f177333c5cec6db768e"
  name = "google.golang.org/genproto"
  packages = [
    "googleapis/api/annotations",
    "googleapis/firestore/v1",
    "googleapis/iam/v1",
    "googleapis/rpc/code",
    "googleapis/rpc/status",
    "googleapis/type/expr",
    "googleapis/type/latlng",
  ]
  pruneopts = "NUT"
  revision = "fa694d86fc64c7654a660f8908de4e879866748d"

[[projects]]
  digest = "1:c1a72c55bf103cb32a0c55ef3a15809178b314e411d7e372ba6ff98bfffeea97"
  name = "google.golang.org/grpc"
  packages = [
    ".",
    "balancer",
    "balancer/base",
    "balancer/grpclb",
    "balancer/grpclb/grpc_lb_v1",
    "balancer/roundrobin",
    "binarylog/grpc_binarylog_v1",
    "codes",
    "connectivity",
    "credentials",
    "credentials/alts",
    "credentials/alts/internal",
    "credentials/alts/internal/authinfo",
    "credentials/alts/internal/conn",
    "credentials/alts/internal/handshaker",
    "credentials/alts/internal/handshaker/service",
    "credentials/alts/internal/proto/grpc_gcp",
    "credentials/google",
    "credentials/internal",
    "credentials/oauth",
    "encoding",
    "encoding/proto",
    "grpclog",
    "internal",
    "internal/backoff",
    "internal/balancerload",
    "internal/binarylog",
    "internal/channelz",
    "internal/envconfig",
    "internal/grpcrand",
    "internal/grpcsync",
    "internal/syscall",
    "internal/transport",
    "keepalive",
    "metadata",
    "naming",
    "peer",
    "resolver",
    "resolver/dns",
    "resolver/passthrough",
    "serviceconfig",
    "stats",
    "status",
    "tap",
  ]
  pruneopts = "NUT"
  revision = "045159ad57f3781d409358e3ade910a018c16b30"
  version = "v1.22.1"

[[projects]]
  digest = "1:18108594151654e9e696b27b181b953f9a90b16bf14d253dd1b397b025a1487f"
  name = "gopkg.in/yaml.v2"
  packages = ["."]
  pruneopts = "NUT"
  revision = "51d6538a90f86fe93ac480b35f37b2be17fef232"
  version = "v2.2.2"

[solve-meta]
  analyzer-name = "dep"
  analyzer-version = 1
  input-imports = [
    "github.com/aws/aws-sdk-go/aws",
    "github.com/aws/aws-sdk-go/aws/awserr",
    "github.com/aws/aws-sdk-go/aws/credentials",
    "github.com/aws/aws-sdk-go/aws/session",
    "github.com/aws/aws-sdk-go/service/dynamodb",
    "github.com/aws/aws-sdk-go/service/dynamodb/dynamodbattribute",
    "github.com/aws/aws-sdk-go/service/iam",
    "github.com/aws/aws-sdk-go/service/secretsmanager",
    "github.com/go-openapi/errors",
    "github.com/go-openapi/strfmt",
    "github.com/go-openapi/swag",
    "github.com/go-openapi/validate",
    "github.com/gorilla/handlers",
    "github.com/gorilla/mux",
    "github.com/op/go-logging",
    "github.com/urfave/negroni",
    "github.com/GFTN/gftn-services/auth-service/authorization/middleware",
    "github.com/GFTN/gftn-services/gftn-models/model",
    "github.com/GFTN/gftn-services/utility/global-environment",
    "github.com/GFTN/gftn-services/utility/message",
    "github.com/GFTN/gftn-services/utility/participant",
    "github.com/GFTN/gftn-services/utility/response",
    "github.com/GFTN/gftn-services/utility/wwfirebase",
  ]
  solver-name = "gps-cdcl"
  solver-version = 1
